
Microsoft Visual Studio Solution File, Format Version 12.00
# Visual Studio Version 17
VisualStudioVersion = 17.0.31903.59
MinimumVisualStudioVersion = 10.0.40219.1
Project("{2150E333-8FDC-42A3-9474-1A3956D46DE8}") = "zim-api", "zim-api", "{51F68BF0-E7BF-214B-D75A-6EC34A28D668}"
EndProject
Project("{2150E333-8FDC-42A3-9474-1A3956D46DE8}") = "src", "src", "{E9B870D4-F062-C52C-D041-8F3D9D035174}"
EndProject
Project("{FAE04EC0-301F-11D3-BF4B-00C04F79EFBC}") = "Zim.Api", "zim-api\src\Zim.Api\Zim.Api.csproj", "{756814B7-3F1B-4A57-90A2-A2F2F841AB38}"
EndProject
Project("{FAE04EC0-301F-11D3-BF4B-00C04F79EFBC}") = "Zim.Domain", "zim-api\src\Zim.Domain\Zim.Domain.csproj", "{B2F81C3D-8D23-48FB-8EF7-D9EFB14B115E}"
EndProject
Project("{FAE04EC0-301F-11D3-BF4B-00C04F79EFBC}") = "Zim.Infrastructure", "zim-api\src\Zim.Infrastructure\Zim.Infrastructure.csproj", "{C2C89094-DF7F-49C3-8D87-037762BA1466}"
EndProject
Global
	GlobalSection(SolutionConfigurationPlatforms) = preSolution
		Debug|Any CPU = Debug|Any CPU
		Debug|x64 = Debug|x64
		Debug|x86 = Debug|x86
		Release|Any CPU = Release|Any CPU
		Release|x64 = Release|x64
		Release|x86 = Release|x86
	EndGlobalSection
	GlobalSection(ProjectConfigurationPlatforms) = postSolution
		{756814B7-3F1B-4A57-90A2-A2F2F841AB38}.Debug|Any CPU.ActiveCfg = Debug|Any CPU
		{756814B7-3F1B-4A57-90A2-A2F2F841AB38}.Debug|Any CPU.Build.0 = Debug|Any CPU
		{756814B7-3F1B-4A57-90A2-A2F2F841AB38}.Debug|x64.ActiveCfg = Debug|Any CPU
		{756814B7-3F1B-4A57-90A2-A2F2F841AB38}.Debug|x64.Build.0 = Debug|Any CPU
		{756814B7-3F1B-4A57-90A2-A2F2F841AB38}.Debug|x86.ActiveCfg = Debug|Any CPU
		{756814B7-3F1B-4A57-90A2-A2F2F841AB38}.Debug|x86.Build.0 = Debug|Any CPU
		{756814B7-3F1B-4A57-90A2-A2F2F841AB38}.Release|Any CPU.ActiveCfg = Release|Any CPU
		{756814B7-3F1B-4A57-90A2-A2F2F841AB38}.Release|Any CPU.Build.0 = Release|Any CPU
		{756814B7-3F1B-4A57-90A2-A2F2F841AB38}.Release|x64.ActiveCfg = Release|Any CPU
		{756814B7-3F1B-4A57-90A2-A2F2F841AB38}.Release|x64.Build.0 = Release|Any CPU
		{756814B7-3F1B-4A57-90A2-A2F2F841AB38}.Release|x86.ActiveCfg = Release|Any CPU
		{756814B7-3F1B-4A57-90A2-A2F2F841AB38}.Release|x86.Build.0 = Release|Any CPU
		{B2F81C3D-8D23-48FB-8EF7-D9EFB14B115E}.Debug|Any CPU.ActiveCfg = Debug|Any CPU
		{B2F81C3D-8D23-48FB-8EF7-D9EFB14B115E}.Debug|Any CPU.Build.0 = Debug|Any CPU
		{B2F81C3D-8D23-48FB-8EF7-D9EFB14B115E}.Debug|x64.ActiveCfg = Debug|Any CPU
		{B2F81C3D-8D23-48FB-8EF7-D9EFB14B115E}.Debug|x64.Build.0 = Debug|Any CPU
		{B2F81C3D-8D23-48FB-8EF7-D9EFB14B115E}.Debug|x86.ActiveCfg = Debug|Any CPU
		{B2F81C3D-8D23-48FB-8EF7-D9EFB14B115E}.Debug|x86.Build.0 = Debug|Any CPU
		{B2F81C3D-8D23-48FB-8EF7-D9EFB14B115E}.Release|Any CPU.ActiveCfg = Release|Any CPU
		{B2F81C3D-8D23-48FB-8EF7-D9EFB14B115E}.Release|Any CPU.Build.0 = Release|Any CPU
		{B2F81C3D-8D23-48FB-8EF7-D9EFB14B115E}.Release|x64.ActiveCfg = Release|Any CPU
		{B2F81C3D-8D23-48FB-8EF7-D9EFB14B115E}.Release|x64.Build.0 = Release|Any CPU
		{B2F81C3D-8D23-48FB-8EF7-D9EFB14B115E}.Release|x86.ActiveCfg = Release|Any CPU
		{B2F81C3D-8D23-48FB-8EF7-D9EFB14B115E}.Release|x86.Build.0 = Release|Any CPU
		{C2C89094-DF7F-49C3-8D87-037762BA1466}.Debug|Any CPU.ActiveCfg = Debug|Any CPU
		{C2C89094-DF7F-49C3-8D87-037762BA1466}.Debug|Any CPU.Build.0 = Debug|Any CPU
		{C2C89094-DF7F-49C3-8D87-037762BA1466}.Debug|x64.ActiveCfg = Debug|Any CPU
		{C2C89094-DF7F-49C3-8D87-037762BA1466}.Debug|x64.Build.0 = Debug|Any CPU
		{C2C89094-DF7F-49C3-8D87-037762BA1466}.Debug|x86.ActiveCfg = Debug|Any CPU
		{C2C89094-DF7F-49C3-8D87-037762BA1466}.Debug|x86.Build.0 = Debug|Any CPU
		{C2C89094-DF7F-49C3-8D87-037762BA1466}.Release|Any CPU.ActiveCfg = Release|Any CPU
		{C2C89094-DF7F-49C3-8D87-037762BA1466}.Release|Any CPU.Build.0 = Release|Any CPU
		{C2C89094-DF7F-49C3-8D87-037762BA1466}.Release|x64.ActiveCfg = Release|Any CPU
		{C2C89094-DF7F-49C3-8D87-037762BA1466}.Release|x64.Build.0 = Release|Any CPU
		{C2C89094-DF7F-49C3-8D87-037762BA1466}.Release|x86.ActiveCfg = Release|Any CPU
		{C2C89094-DF7F-49C3-8D87-037762BA1466}.Release|x86.Build.0 = Release|Any CPU
	EndGlobalSection
	GlobalSection(SolutionProperties) = preSolution
		HideSolutionNode = FALSE
	EndGlobalSection
	GlobalSection(NestedProjects) = preSolution
		{E9B870D4-F062-C52C-D041-8F3D9D035174} = {51F68BF0-E7BF-214B-D75A-6EC34A28D668}
		{756814B7-3F1B-4A57-90A2-A2F2F841AB38} = {E9B870D4-F062-C52C-D041-8F3D9D035174}
		{B2F81C3D-8D23-48FB-8EF7-D9EFB14B115E} = {E9B870D4-F062-C52C-D041-8F3D9D035174}
		{C2C89094-DF7F-49C3-8D87-037762BA1466} = {E9B870D4-F062-C52C-D041-8F3D9D035174}
	EndGlobalSection
EndGlobal
